// !$*UTF8*$!
{
	archiveVersion = 1;
	classes = {
	};
	objectVersion = 46;
	objects = {

/* Begin PBXFileReference section */
		72230B031AB78845007E3CBB /* index.html */ = {isa = PBXFileReference; lastKnownFileType = text.html; path = index.html; sourceTree = "<group>"; };
		72230B041AB78845007E3CBB /* sketch.js */ = {isa = PBXFileReference; lastKnownFileType = sourcecode.javascript; path = sketch.js; sourceTree = "<group>"; };
		724945C21AB7A3D5000C2D28 /* p5.js */ = {isa = PBXFileReference; lastKnownFileType = sourcecode.javascript; name = p5.js; path = ../p5.js; sourceTree = "<group>"; };
		724945C31AB7A3D5000C2D28 /* p5.min.js */ = {isa = PBXFileReference; lastKnownFileType = sourcecode.javascript; name = p5.min.js; path = ../p5.min.js; sourceTree = "<group>"; };
/* End PBXFileReference section */

/* Begin PBXGroup section */
		72230AFA1AB787DD007E3CBB = {
			isa = PBXGroup;
			children = (
				72230B031AB78845007E3CBB /* index.html */,
				72230B041AB78845007E3CBB /* sketch.js */,
				724945C21AB7A3D5000C2D28 /* p5.js */,
				724945C31AB7A3D5000C2D28 /* p5.min.js */,
			);
			sourceTree = "<group>";
		};
/* End PBXGroup section */

/* Begin PBXProject section */
		72230AFB1AB787DD007E3CBB /* Project object */ = {
			isa = PBXProject;
			attributes = {
				LastUpgradeCheck = 0610;
			};
			buildConfigurationList = 72230AFE1AB787DD007E3CBB /* Build configuration list for PBXProject "PhilosophyPinball" */;
			compatibilityVersion = "Xcode 3.2";
			developmentRegion = English;
			hasScannedForEncodings = 0;
			knownRegions = (
				en,
			);
			mainGroup = 72230AFA1AB787DD007E3CBB;
			projectDirPath = "";
			projectRoot = "";
			targets = (
			);
		};
/* End PBXProject section */

/* Begin XCBuildConfiguration section */
		72230AFF1AB787DD007E3CBB /* Debug */ = {
			isa = XCBuildConfiguration;
			buildSettings = {
			};
			name = Debug;
		};
		72230B001AB787DD007E3CBB /* Release */ = {
			isa = XCBuildConfiguration;
			buildSettings = {
			};
			name = Release;
		};
/* End XCBuildConfiguration section */

/* Begin XCConfigurationList section */
		72230AFE1AB787DD007E3CBB /* Build configuration list for PBXProject "PhilosophyPinball" */ = {
			isa = XCConfigurationList;
			buildConfigurations = (
				72230AFF1AB787DD007E3CBB /* Debug */,
				72230B001AB787DD007E3CBB /* Release */,
			);
			defaultConfigurationIsVisible = 0;
			defaultConfigurationName = Release;
		};
/* End XCConfigurationList section */
	};
	rootObject = 72230AFB1AB787DD007E3CBB /* Project object */;
}
